// !$*UTF8*$!
{
	archiveVersion = 1;
	classes = {
	};
	objectVersion = 77;
	objects = {

/* Begin PBXBuildFile section */
		E7A9A3252D4BBEA000D69AE9 /* FirebaseAuth in Frameworks */ = {isa = PBXBuildFile; productRef = E7A9A3242D4BBEA000D69AE9 /* FirebaseAuth */; };
		E7A9A3272D4BBEA000D69AE9 /* FirebaseDatabase in Frameworks */ = {isa = PBXBuildFile; productRef = E7A9A3262D4BBEA000D69AE9 /* FirebaseDatabase */; };
		E7A9A3292D4BBEA000D69AE9 /* FirebaseFirestore in Frameworks */ = {isa = PBXBuildFile; productRef = E7A9A3282D4BBEA000D69AE9 /* FirebaseFirestore */; };
/* End PBXBuildFile section */

/* Begin PBXContainerItemProxy section */
		E7A9A3042D4BB83200D69AE9 /* PBXContainerItemProxy */ = {
			isa = PBXContainerItemProxy;
			containerPortal = E7A9A2E22D4BB83000D69AE9 /* Project object */;
			proxyType = 1;
			remoteGlobalIDString = E7A9A2E92D4BB83000D69AE9;
			remoteInfo = "Student Realtime Database";
		};
		E7A9A30E2D4BB83200D69AE9 /* PBXContainerItemProxy */ = {
			isa = PBXContainerItemProxy;
			containerPortal = E7A9A2E22D4BB83000D69AE9 /* Project object */;
			proxyType = 1;
			remoteGlobalIDString = E7A9A2E92D4BB83000D69AE9;
			remoteInfo = "Student Realtime Database";
		};
/* End PBXContainerItemProxy section */

/* Begin PBXFileReference section */
		E7A9A2EA2D4BB83000D69AE9 /* Student Realtime Database.app */ = {isa = PBXFileReference; explicitFileType = wrapper.application; includeInIndex = 0; path = "Student Realtime Database.app"; sourceTree = BUILT_PRODUCTS_DIR; };
		E7A9A3032D4BB83200D69AE9 /* Student Realtime DatabaseTests.xctest */ = {isa = PBXFileReference; explicitFileType = wrapper.cfbundle; includeInIndex = 0; path = "Student Realtime DatabaseTests.xctest"; sourceTree = BUILT_PRODUCTS_DIR; };
		E7A9A30D2D4BB83200D69AE9 /* Student Realtime DatabaseUITests.xctest */ = {isa = PBXFileReference; explicitFileType = wrapper.cfbundle; includeInIndex = 0; path = "Student Realtime DatabaseUITests.xctest"; sourceTree = BUILT_PRODUCTS_DIR; };
/* End PBXFileReference section */

/* Begin PBXFileSystemSynchronizedBuildFileExceptionSet section */
		E7A9A3152D4BB83200D69AE9 /* Exceptions for "Student Realtime Database" folder in "Student Realtime Database" target */ = {
			isa = PBXFileSystemSynchronizedBuildFileExceptionSet;
			membershipExceptions = (
				Info.plist,
			);
			target = E7A9A2E92D4BB83000D69AE9 /* Student Realtime Database */;
		};
/* End PBXFileSystemSynchronizedBuildFileExceptionSet section */

/* Begin PBXFileSystemSynchronizedRootGroup section */
		E7A9A2EC2D4BB83000D69AE9 /* Student Realtime Database */ = {
			isa = PBXFileSystemSynchronizedRootGroup;
			exceptions = (
				E7A9A3152D4BB83200D69AE9 /* Exceptions for "Student Realtime Database" folder in "Student Realtime Database" target */,
			);
			path = "Student Realtime Database";
			sourceTree = "<group>";
		};
		E7A9A3062D4BB83200D69AE9 /* Student Realtime DatabaseTests */ = {
			isa = PBXFileSystemSynchronizedRootGroup;
			path = "Student Realtime DatabaseTests";
			sourceTree = "<group>";
		};
		E7A9A3102D4BB83200D69AE9 /* Student Realtime DatabaseUITests */ = {
			isa = PBXFileSystemSynchronizedRootGroup;
			path = "Student Realtime DatabaseUITests";
			sourceTree = "<group>";
		};
/* End PBXFileSystemSynchronizedRootGroup section */

/* Begin PBXFrameworksBuildPhase section */
		E7A9A2E72D4BB83000D69AE9 /* Frameworks */ = {
			isa = PBXFrameworksBuildPhase;
			buildActionMask = 2147483647;
			files = (
				E7A9A3272D4BBEA000D69AE9 /* FirebaseDatabase in Frameworks */,
				E7A9A3252D4BBEA000D69AE9 /* FirebaseAuth in Frameworks */,
				E7A9A3292D4BBEA000D69AE9 /* FirebaseFirestore in Frameworks */,
			);
			runOnlyForDeploymentPostprocessing = 0;
		};
		E7A9A3002D4BB83200D69AE9 /* Frameworks */ = {
			isa = PBXFrameworksBuildPhase;
			buildActionMask = 2147483647;
			files = (
			);
			runOnlyForDeploymentPostprocessing = 0;
		};
		E7A9A30A2D4BB83200D69AE9 /* Frameworks */ = {
			isa = PBXFrameworksBuildPhase;
			buildActionMask = 2147483647;
			files = (
			);
			runOnlyForDeploymentPostprocessing = 0;
		};
/* End PBXFrameworksBuildPhase section */

/* Begin PBXGroup section */
		E7A9A2E12D4BB83000D69AE9 = {
			isa = PBXGroup;
			children = (
				E7A9A2EC2D4BB83000D69AE9 /* Student Realtime Database */,
				E7A9A3062D4BB83200D69AE9 /* Student Realtime DatabaseTests */,
				E7A9A3102D4BB83200D69AE9 /* Student Realtime DatabaseUITests */,
				E7A9A2EB2D4BB83000D69AE9 /* Products */,
			);
			sourceTree = "<group>";
		};
		E7A9A2EB2D4BB83000D69AE9 /* Products */ = {
			isa = PBXGroup;
			children = (
				E7A9A2EA2D4BB83000D69AE9 /* Student Realtime Database.app */,
				E7A9A3032D4BB83200D69AE9 /* Student Realtime DatabaseTests.xctest */,
				E7A9A30D2D4BB83200D69AE9 /* Student Realtime DatabaseUITests.xctest */,
			);
			name = Products;
			sourceTree = "<group>";
		};
/* End PBXGroup section */

/* Begin PBXNativeTarget section */
		E7A9A2E92D4BB83000D69AE9 /* Student Realtime Database */ = {
			isa = PBXNativeTarget;
			buildConfigurationList = E7A9A3162D4BB83200D69AE9 /* Build configuration list for PBXNativeTarget "Student Realtime Database" */;
			buildPhases = (
				E7A9A2E62D4BB83000D69AE9 /* Sources */,
				E7A9A2E72D4BB83000D69AE9 /* Frameworks */,
				E7A9A2E82D4BB83000D69AE9 /* Resources */,
			);
			buildRules = (
			);
			dependencies = (
			);
			fileSystemSynchronizedGroups = (
				E7A9A2EC2D4BB83000D69AE9 /* Student Realtime Database */,
			);
			name = "Student Realtime Database";
			packageProductDependencies = (
				E7A9A3242D4BBEA000D69AE9 /* FirebaseAuth */,
				E7A9A3262D4BBEA000D69AE9 /* FirebaseDatabase */,
				E7A9A3282D4BBEA000D69AE9 /* FirebaseFirestore */,
			);
			productName = "Student Realtime Database";
			productReference = E7A9A2EA2D4BB83000D69AE9 /* Student Realtime Database.app */;
			productType = "com.apple.product-type.application";
		};
		E7A9A3022D4BB83200D69AE9 /* Student Realtime DatabaseTests */ = {
			isa = PBXNativeTarget;
			buildConfigurationList = E7A9A31B2D4BB83200D69AE9 /* Build configuration list for PBXNativeTarget "Student Realtime DatabaseTests" */;
			buildPhases = (
				E7A9A2FF2D4BB83200D69AE9 /* Sources */,
				E7A9A3002D4BB83200D69AE9 /* Frameworks */,
				E7A9A3012D4BB83200D69AE9 /* Resources */,
			);
			buildRules = (
			);
			dependencies = (
				E7A9A3052D4BB83200D69AE9 /* PBXTargetDependency */,
			);
			fileSystemSynchronizedGroups = (
				E7A9A3062D4BB83200D69AE9 /* Student Realtime DatabaseTests */,
			);
			name = "Student Realtime DatabaseTests";
			packageProductDependencies = (
			);
			productName = "Student Realtime DatabaseTests";
			productReference = E7A9A3032D4BB83200D69AE9 /* Student Realtime DatabaseTests.xctest */;
			productType = "com.apple.product-type.bundle.unit-test";
		};
		E7A9A30C2D4BB83200D69AE9 /* Student Realtime DatabaseUITests */ = {
			isa = PBXNativeTarget;
			buildConfigurationList = E7A9A31E2D4BB83200D69AE9 /* Build configuration list for PBXNativeTarget "Student Realtime DatabaseUITests" */;
			buildPhases = (
				E7A9A3092D4BB83200D69AE9 /* Sources */,
				E7A9A30A2D4BB83200D69AE9 /* Frameworks */,
				E7A9A30B2D4BB83200D69AE9 /* Resources */,
			);
			buildRules = (
			);
			dependencies = (
				E7A9A30F2D4BB83200D69AE9 /* PBXTargetDependency */,
			);
			fileSystemSynchronizedGroups = (
				E7A9A3102D4BB83200D69AE9 /* Student Realtime DatabaseUITests */,
			);
			name = "Student Realtime DatabaseUITests";
			packageProductDependencies = (
			);
			productName = "Student Realtime DatabaseUITests";
			productReference = E7A9A30D2D4BB83200D69AE9 /* Student Realtime DatabaseUITests.xctest */;
			productType = "com.apple.product-type.bundle.ui-testing";
		};
/* End PBXNativeTarget section */

/* Begin PBXProject section */
		E7A9A2E22D4BB83000D69AE9 /* Project object */ = {
			isa = PBXProject;
			attributes = {
				BuildIndependentTargetsInParallel = 1;
				LastSwiftUpdateCheck = 1620;
				LastUpgradeCheck = 1620;
				TargetAttributes = {
					E7A9A2E92D4BB83000D69AE9 = {
						CreatedOnToolsVersion = 16.2;
					};
					E7A9A3022D4BB83200D69AE9 = {
						CreatedOnToolsVersion = 16.2;
						TestTargetID = E7A9A2E92D4BB83000D69AE9;
					};
					E7A9A30C2D4BB83200D69AE9 = {
						CreatedOnToolsVersion = 16.2;
						TestTargetID = E7A9A2E92D4BB83000D69AE9;
					};
				};
			};
			buildConfigurationList = E7A9A2E52D4BB83000D69AE9 /* Build configuration list for PBXProject "Student Realtime Database" */;
			developmentRegion = en;
			hasScannedForEncodings = 0;
			knownRegions = (
				en,
				Base,
			);
			mainGroup = E7A9A2E12D4BB83000D69AE9;
			minimizedProjectReferenceProxies = 1;
			packageReferences = (
				E7A9A3232D4BBEA000D69AE9 /* XCRemoteSwiftPackageReference "firebase-ios-sdk" */,
			);
			preferredProjectObjectVersion = 77;
			productRefGroup = E7A9A2EB2D4BB83000D69AE9 /* Products */;
			projectDirPath = "";
			projectRoot = "";
			targets = (
				E7A9A2E92D4BB83000D69AE9 /* Student Realtime Database */,
				E7A9A3022D4BB83200D69AE9 /* Student Realtime DatabaseTests */,
				E7A9A30C2D4BB83200D69AE9 /* Student Realtime DatabaseUITests */,
			);
		};
/* End PBXProject section */

/* Begin PBXResourcesBuildPhase section */
		E7A9A2E82D4BB83000D69AE9 /* Resources */ = {
			isa = PBXResourcesBuildPhase;
			buildActionMask = 2147483647;
			files = (
			);
			runOnlyForDeploymentPostprocessing = 0;
		};
		E7A9A3012D4BB83200D69AE9 /* Resources */ = {
			isa = PBXResourcesBuildPhase;
			buildActionMask = 2147483647;
			files = (
			);
			runOnlyForDeploymentPostprocessing = 0;
		};
		E7A9A30B2D4BB83200D69AE9 /* Resources */ = {
			isa = PBXResourcesBuildPhase;
			buildActionMask = 2147483647;
			files = (
			);
			runOnlyForDeploymentPostprocessing = 0;
		};
/* End PBXResourcesBuildPhase section */

/* Begin PBXSourcesBuildPhase section */
		E7A9A2E62D4BB83000D69AE9 /* Sources */ = {
			isa = PBXSourcesBuildPhase;
			buildActionMask = 2147483647;
			files = (
			);
			runOnlyForDeploymentPostprocessing = 0;
		};
		E7A9A2FF2D4BB83200D69AE9 /* Sources */ = {
			isa = PBXSourcesBuildPhase;
			buildActionMask = 2147483647;
			files = (
			);
			runOnlyForDeploymentPostprocessing = 0;
		};
		E7A9A3092D4BB83200D69AE9 /* Sources */ = {
			isa = PBXSourcesBuildPhase;
			buildActionMask = 2147483647;
			files = (
			);
			runOnlyForDeploymentPostprocessing = 0;
		};
/* End PBXSourcesBuildPhase section */

/* Begin PBXTargetDependency section */
		E7A9A3052D4BB83200D69AE9 /* PBXTargetDependency */ = {
			isa = PBXTargetDependency;
			target = E7A9A2E92D4BB83000D69AE9 /* Student Realtime Database */;
			targetProxy = E7A9A3042D4BB83200D69AE9 /* PBXContainerItemProxy */;
		};
		E7A9A30F2D4BB83200D69AE9 /* PBXTargetDependency */ = {
			isa = PBXTargetDependency;
			target = E7A9A2E92D4BB83000D69AE9 /* Student Realtime Database */;
			targetProxy = E7A9A30E2D4BB83200D69AE9 /* PBXContainerItemProxy */;
		};
/* End PBXTargetDependency section */

/* Begin XCBuildConfiguration section */
		E7A9A3172D4BB83200D69AE9 /* Debug */ = {
			isa = XCBuildConfiguration;
			buildSettings = {
				ASSETCATALOG_COMPILER_APPICON_NAME = AppIcon;
				ASSETCATALOG_COMPILER_GLOBAL_ACCENT_COLOR_NAME = AccentColor;
				CODE_SIGN_IDENTITY = "Apple Development";
				CODE_SIGN_STYLE = Automatic;
				CURRENT_PROJECT_VERSION = 1;
				DEVELOPMENT_TEAM = 2U9LG3V72B;
				GENERATE_INFOPLIST_FILE = YES;
				INFOPLIST_FILE = "Student Realtime Database/Info.plist";
				INFOPLIST_KEY_UIApplicationSupportsIndirectInputEvents = YES;
				INFOPLIST_KEY_UILaunchStoryboardName = LaunchScreen;
				INFOPLIST_KEY_UIMainStoryboardFile = Main;
				INFOPLIST_KEY_UISupportedInterfaceOrientations_iPad = "UIInterfaceOrientationPortrait UIInterfaceOrientationPortraitUpsideDown UIInterfaceOrientationLandscapeLeft UIInterfaceOrientationLandscapeRight";
				INFOPLIST_KEY_UISupportedInterfaceOrientations_iPhone = "UIInterfaceOrientationPortrait UIInterfaceOrientationLandscapeLeft UIInterfaceOrientationLandscapeRight";
				IPHONEOS_DEPLOYMENT_TARGET = 18.0;
				LD_RUNPATH_SEARCH_PATHS = (
					"$(inherited)",
					"@executable_path/Frameworks",
				);
				MARKETING_VERSION = 1.0;
				PRODUCT_BUNDLE_IDENTIFIER = "clc.Student-Realtime-Database-McCain";
				PRODUCT_NAME = "$(TARGET_NAME)";
				PROVISIONING_PROFILE_SPECIFIER = "";
				SWIFT_EMIT_LOC_STRINGS = YES;
				SWIFT_VERSION = 5.0;
				TARGETED_DEVICE_FAMILY = "1,2";
			};
			name = Debug;
		};
		E7A9A3182D4BB83200D69AE9 /* Release */ = {
			isa = XCBuildConfiguration;
			buildSettings = {
				ASSETCATALOG_COMPILER_APPICON_NAME = AppIcon;
				ASSETCATALOG_COMPILER_GLOBAL_ACCENT_COLOR_NAME = AccentColor;
				CODE_SIGN_IDENTITY = "Apple Development";
				CODE_SIGN_STYLE = Automatic;
				CURRENT_PROJECT_VERSION = 1;
				DEVELOPMENT_TEAM = 2U9LG3V72B;
				GENERATE_INFOPLIST_FILE = YES;
				INFOPLIST_FILE = "Student Realtime Database/Info.plist";
				INFOPLIST_KEY_UIApplicationSupportsIndirectInputEvents = YES;
				INFOPLIST_KEY_UILaunchStoryboardName = LaunchScreen;
				INFOPLIST_KEY_UIMainStoryboardFile = Main;
				INFOPLIST_KEY_UISupportedInterfaceOrientations_iPad = "UIInterfaceOrientationPortrait UIInterfaceOrientationPortraitUpsideDown UIInterfaceOrientationLandscapeLeft UIInterfaceOrientationLandscapeRight";
				INFOPLIST_KEY_UISupportedInterfaceOrientations_iPhone = "UIInterfaceOrientationPortrait UIInterfaceOrientationLandscapeLeft UIInterfaceOrientationLandscapeRight";
				IPHONEOS_DEPLOYMENT_TARGET = 18.0;
				LD_RUNPATH_SEARCH_PATHS = (
					"$(inherited)",
					"@executable_path/Frameworks",
				);
				MARKETING_VERSION = 1.0;
				PRODUCT_BUNDLE_IDENTIFIER = "clc.Student-Realtime-Database-McCain";
				PRODUCT_NAME = "$(TARGET_NAME)";
				PROVISIONING_PROFILE_SPECIFIER = "";
				SWIFT_EMIT_LOC_STRINGS = YES;
				SWIFT_VERSION = 5.0;
				TARGETED_DEVICE_FAMILY = "1,2";
			};
			name = Release;
		};
		E7A9A3192D4BB83200D69AE9 /* Debug */ = {
			isa = XCBuildConfiguration;
			buildSettings = {
				ALWAYS_SEARCH_USER_PATHS = NO;
				ASSETCATALOG_COMPILER_GENERATE_SWIFT_ASSET_SYMBOL_EXTENSIONS = YES;
				CLANG_ANALYZER_NONNULL = YES;
				CLANG_ANALYZER_NUMBER_OBJECT_CONVERSION = YES_AGGRESSIVE;
				CLANG_CXX_LANGUAGE_STANDARD = "gnu++20";
				CLANG_ENABLE_MODULES = YES;
				CLANG_ENABLE_OBJC_ARC = YES;
				CLANG_ENABLE_OBJC_WEAK = YES;
				CLANG_WARN_BLOCK_CAPTURE_AUTORELEASING = YES;
				CLANG_WARN_BOOL_CONVERSION = YES;
				CLANG_WARN_COMMA = YES;
				CLANG_WARN_CONSTANT_CONVERSION = YES;
				CLANG_WARN_DEPRECATED_OBJC_IMPLEMENTATIONS = YES;
				CLANG_WARN_DIRECT_OBJC_ISA_USAGE = YES_ERROR;
				CLANG_WARN_DOCUMENTATION_COMMENTS = YES;
				CLANG_WARN_EMPTY_BODY = YES;
				CLANG_WARN_ENUM_CONVERSION = YES;
				CLANG_WARN_INFINITE_RECURSION = YES;
				CLANG_WARN_INT_CONVERSION = YES;
				CLANG_WARN_NON_LITERAL_NULL_CONVERSION = YES;
				CLANG_WARN_OBJC_IMPLICIT_RETAIN_SELF = YES;
				CLANG_WARN_OBJC_LITERAL_CONVERSION = YES;
				CLANG_WARN_OBJC_ROOT_CLASS = YES_ERROR;
				CLANG_WARN_QUOTED_INCLUDE_IN_FRAMEWORK_HEADER = YES;
				CLANG_WARN_RANGE_LOOP_ANALYSIS = YES;
				CLANG_WARN_STRICT_PROTOTYPES = YES;
				CLANG_WARN_SUSPICIOUS_MOVE = YES;
				CLANG_WARN_UNGUARDED_AVAILABILITY = YES_AGGRESSIVE;
				CLANG_WARN_UNREACHABLE_CODE = YES;
				CLANG_WARN__DUPLICATE_METHOD_MATCH = YES;
				COPY_PHASE_STRIP = NO;
				DEBUG_INFORMATION_FORMAT = dwarf;
				ENABLE_STRICT_OBJC_MSGSEND = YES;
				ENABLE_TESTABILITY = YES;
				ENABLE_USER_SCRIPT_SANDBOXING = YES;
				GCC_C_LANGUAGE_STANDARD = gnu17;
				GCC_DYNAMIC_NO_PIC = NO;
				GCC_NO_COMMON_BLOCKS = YES;
				GCC_OPTIMIZATION_LEVEL = 0;
				GCC_PREPROCESSOR_DEFINITIONS = (
					"DEBUG=1",
					"$(inherited)",
				);
				GCC_WARN_64_TO_32_BIT_CONVERSION = YES;
				GCC_WARN_ABOUT_RETURN_TYPE = YES_ERROR;
				GCC_WARN_UNDECLARED_SELECTOR = YES;
				GCC_WARN_UNINITIALIZED_AUTOS = YES_AGGRESSIVE;
				GCC_WARN_UNUSED_FUNCTION = YES;
				GCC_WARN_UNUSED_VARIABLE = YES;
				IPHONEOS_DEPLOYMENT_TARGET = 18.2;
				LOCALIZATION_PREFERS_STRING_CATALOGS = YES;
				MTL_ENABLE_DEBUG_INFO = INCLUDE_SOURCE;
				MTL_FAST_MATH = YES;
				ONLY_ACTIVE_ARCH = YES;
				SDKROOT = iphoneos;
				SWIFT_ACTIVE_COMPILATION_CONDITIONS = "DEBUG $(inherited)";
				SWIFT_OPTIMIZATION_LEVEL = "-Onone";
			};
			name = Debug;
		};
		E7A9A31A2D4BB83200D69AE9 /* Release */ = {
			isa = XCBuildConfiguration;
			buildSettings = {
				ALWAYS_SEARCH_USER_PATHS = NO;
				ASSETCATALOG_COMPILER_GENERATE_SWIFT_ASSET_SYMBOL_EXTENSIONS = YES;
				CLANG_ANALYZER_NONNULL = YES;
				CLANG_ANALYZER_NUMBER_OBJECT_CONVERSION = YES_AGGRESSIVE;
				CLANG_CXX_LANGUAGE_STANDARD = "gnu++20";
				CLANG_ENABLE_MODULES = YES;
				CLANG_ENABLE_OBJC_ARC = YES;
				CLANG_ENABLE_OBJC_WEAK = YES;
				CLANG_WARN_BLOCK_CAPTURE_AUTORELEASING = YES;
				CLANG_WARN_BOOL_CONVERSION = YES;
				CLANG_WARN_COMMA = YES;
				CLANG_WARN_CONSTANT_CONVERSION = YES;
				CLANG_WARN_DEPRECATED_OBJC_IMPLEMENTATIONS = YES;
				CLANG_WARN_DIRECT_OBJC_ISA_USAGE = YES_ERROR;
				CLANG_WARN_DOCUMENTATION_COMMENTS = YES;
				CLANG_WARN_EMPTY_BODY = YES;
				CLANG_WARN_ENUM_CONVERSION = YES;
				CLANG_WARN_INFINITE_RECURSION = YES;
				CLANG_WARN_INT_CONVERSION = YES;
				CLANG_WARN_NON_LITERAL_NULL_CONVERSION = YES;
				CLANG_WARN_OBJC_IMPLICIT_RETAIN_SELF = YES;
				CLANG_WARN_OBJC_LITERAL_CONVERSION = YES;
				CLANG_WARN_OBJC_ROOT_CLASS = YES_ERROR;
				CLANG_WARN_QUOTED_INCLUDE_IN_FRAMEWORK_HEADER = YES;
				CLANG_WARN_RANGE_LOOP_ANALYSIS = YES;
				CLANG_WARN_STRICT_PROTOTYPES = YES;
				CLANG_WARN_SUSPICIOUS_MOVE = YES;
				CLANG_WARN_UNGUARDED_AVAILABILITY = YES_AGGRESSIVE;
				CLANG_WARN_UNREACHABLE_CODE = YES;
				CLANG_WARN__DUPLICATE_METHOD_MATCH = YES;
				COPY_PHASE_STRIP = NO;
				DEBUG_INFORMATION_FORMAT = "dwarf-with-dsym";
				ENABLE_NS_ASSERTIONS = NO;
				ENABLE_STRICT_OBJC_MSGSEND = YES;
				ENABLE_USER_SCRIPT_SANDBOXING = YES;
				GCC_C_LANGUAGE_STANDARD = gnu17;
				GCC_NO_COMMON_BLOCKS = YES;
				GCC_WARN_64_TO_32_BIT_CONVERSION = YES;
				GCC_WARN_ABOUT_RETURN_TYPE = YES_ERROR;
				GCC_WARN_UNDECLARED_SELECTOR = YES;
				GCC_WARN_UNINITIALIZED_AUTOS = YES_AGGRESSIVE;
				GCC_WARN_UNUSED_FUNCTION = YES;
				GCC_WARN_UNUSED_VARIABLE = YES;
				IPHONEOS_DEPLOYMENT_TARGET = 18.2;
				LOCALIZATION_PREFERS_STRING_CATALOGS = YES;
				MTL_ENABLE_DEBUG_INFO = NO;
				MTL_FAST_MATH = YES;
				SDKROOT = iphoneos;
				SWIFT_COMPILATION_MODE = wholemodule;
				VALIDATE_PRODUCT = YES;
			};
			name = Release;
		};
		E7A9A31C2D4BB83200D69AE9 /* Debug */ = {
			isa = XCBuildConfiguration;
			buildSettings = {
				BUNDLE_LOADER = "$(TEST_HOST)";
				CODE_SIGN_STYLE = Automatic;
				CURRENT_PROJECT_VERSION = 1;
				DEVELOPMENT_TEAM = 2U9LG3V72B;
				GENERATE_INFOPLIST_FILE = YES;
				IPHONEOS_DEPLOYMENT_TARGET = 18.2;
				MARKETING_VERSION = 1.0;
				PRODUCT_BUNDLE_IDENTIFIER = "clc.Student-Realtime-DatabaseTests";
				PRODUCT_NAME = "$(TARGET_NAME)";
				SWIFT_EMIT_LOC_STRINGS = NO;
				SWIFT_VERSION = 5.0;
				TARGETED_DEVICE_FAMILY = "1,2";
				TEST_HOST = "$(BUILT_PRODUCTS_DIR)/Student Realtime Database.app/$(BUNDLE_EXECUTABLE_FOLDER_PATH)/Student Realtime Database";
			};
			name = Debug;
		};
		E7A9A31D2D4BB83200D69AE9 /* Release */ = {
			isa = XCBuildConfiguration;
			buildSettings = {
				BUNDLE_LOADER = "$(TEST_HOST)";
				CODE_SIGN_STYLE = Automatic;
				CURRENT_PROJECT_VERSION = 1;
				DEVELOPMENT_TEAM = 2U9LG3V72B;
				GENERATE_INFOPLIST_FILE = YES;
				IPHONEOS_DEPLOYMENT_TARGET = 18.2;
				MARKETING_VERSION = 1.0;
				PRODUCT_BUNDLE_IDENTIFIER = "clc.Student-Realtime-DatabaseTests";
				PRODUCT_NAME = "$(TARGET_NAME)";
				SWIFT_EMIT_LOC_STRINGS = NO;
				SWIFT_VERSION = 5.0;
				TARGETED_DEVICE_FAMILY = "1,2";
				TEST_HOST = "$(BUILT_PRODUCTS_DIR)/Student Realtime Database.app/$(BUNDLE_EXECUTABLE_FOLDER_PATH)/Student Realtime Database";
			};
			name = Release;
		};
		E7A9A31F2D4BB83200D69AE9 /* Debug */ = {
			isa = XCBuildConfiguration;
			buildSettings = {
				CODE_SIGN_STYLE = Automatic;
				CURRENT_PROJECT_VERSION = 1;
				DEVELOPMENT_TEAM = 2U9LG3V72B;
				GENERATE_INFOPLIST_FILE = YES;
				MARKETING_VERSION = 1.0;
				PRODUCT_BUNDLE_IDENTIFIER = "clc.Student-Realtime-DatabaseUITests";
				PRODUCT_NAME = "$(TARGET_NAME)";
				SWIFT_EMIT_LOC_STRINGS = NO;
				SWIFT_VERSION = 5.0;
				TARGETED_DEVICE_FAMILY = "1,2";
				TEST_TARGET_NAME = "Student Realtime Database";
			};
			name = Debug;
		};
		E7A9A3202D4BB83200D69AE9 /* Release */ = {
			isa = XCBuildConfiguration;
			buildSettings = {
				CODE_SIGN_STYLE = Automatic;
				CURRENT_PROJECT_VERSION = 1;
				DEVELOPMENT_TEAM = 2U9LG3V72B;
				GENERATE_INFOPLIST_FILE = YES;
				MARKETING_VERSION = 1.0;
				PRODUCT_BUNDLE_IDENTIFIER = "clc.Student-Realtime-DatabaseUITests";
				PRODUCT_NAME = "$(TARGET_NAME)";
				SWIFT_EMIT_LOC_STRINGS = NO;
				SWIFT_VERSION = 5.0;
				TARGETED_DEVICE_FAMILY = "1,2";
				TEST_TARGET_NAME = "Student Realtime Database";
			};
			name = Release;
		};
/* End XCBuildConfiguration section */

/* Begin XCConfigurationList section */
		E7A9A2E52D4BB83000D69AE9 /* Build configuration list for PBXProject "Student Realtime Database" */ = {
			isa = XCConfigurationList;
			buildConfigurations = (
				E7A9A3192D4BB83200D69AE9 /* Debug */,
				E7A9A31A2D4BB83200D69AE9 /* Release */,
			);
			defaultConfigurationIsVisible = 0;
			defaultConfigurationName = Release;
		};
		E7A9A3162D4BB83200D69AE9 /* Build configuration list for PBXNativeTarget "Student Realtime Database" */ = {
			isa = XCConfigurationList;
			buildConfigurations = (
				E7A9A3172D4BB83200D69AE9 /* Debug */,
				E7A9A3182D4BB83200D69AE9 /* Release */,
			);
			defaultConfigurationIsVisible = 0;
			defaultConfigurationName = Release;
		};
		E7A9A31B2D4BB83200D69AE9 /* Build configuration list for PBXNativeTarget "Student Realtime DatabaseTests" */ = {
			isa = XCConfigurationList;
			buildConfigurations = (
				E7A9A31C2D4BB83200D69AE9 /* Debug */,
				E7A9A31D2D4BB83200D69AE9 /* Release */,
			);
			defaultConfigurationIsVisible = 0;
			defaultConfigurationName = Release;
		};
		E7A9A31E2D4BB83200D69AE9 /* Build configuration list for PBXNativeTarget "Student Realtime DatabaseUITests" */ = {
			isa = XCConfigurationList;
			buildConfigurations = (
				E7A9A31F2D4BB83200D69AE9 /* Debug */,
				E7A9A3202D4BB83200D69AE9 /* Release */,
			);
			defaultConfigurationIsVisible = 0;
			defaultConfigurationName = Release;
		};
/* End XCConfigurationList section */

/* Begin XCRemoteSwiftPackageReference section */
		E7A9A3232D4BBEA000D69AE9 /* XCRemoteSwiftPackageReference "firebase-ios-sdk" */ = {
			isa = XCRemoteSwiftPackageReference;
			repositoryURL = "https://github.com/firebase/firebase-ios-sdk";
			requirement = {
				kind = upToNextMajorVersion;
				minimumVersion = 11.7.0;
			};
		};
/* End XCRemoteSwiftPackageReference section */

/* Begin XCSwiftPackageProductDependency section */
		E7A9A3242D4BBEA000D69AE9 /* FirebaseAuth */ = {
			isa = XCSwiftPackageProductDependency;
			package = E7A9A3232D4BBEA000D69AE9 /* XCRemoteSwiftPackageReference "firebase-ios-sdk" */;
			productName = FirebaseAuth;
		};
		E7A9A3262D4BBEA000D69AE9 /* FirebaseDatabase */ = {
			isa = XCSwiftPackageProductDependency;
			package = E7A9A3232D4BBEA000D69AE9 /* XCRemoteSwiftPackageReference "firebase-ios-sdk" */;
			productName = FirebaseDatabase;
		};
		E7A9A3282D4BBEA000D69AE9 /* FirebaseFirestore */ = {
			isa = XCSwiftPackageProductDependency;
			package = E7A9A3232D4BBEA000D69AE9 /* XCRemoteSwiftPackageReference "firebase-ios-sdk" */;
			productName = FirebaseFirestore;
		};
/* End XCSwiftPackageProductDependency section */
	};
	rootObject = E7A9A2E22D4BB83000D69AE9 /* Project object */;
}
